
Microsoft Visual Studio Solution File, Format Version 12.00
# Visual Studio 14
VisualStudioVersion = 14.0.25420.1
MinimumVisualStudioVersion = 10.0.40219.1
Project("{FAE04EC0-301F-11D3-BF4B-00C04F79EFBC}") = "Sfw.Sabp.Mca.Web", "Sfw.Sabp.Mca.Web\Sfw.Sabp.Mca.Web.csproj", "{D55BB883-3E35-421F-9000-C25291745E68}"
EndProject
Project("{FAE04EC0-301F-11D3-BF4B-00C04F79EFBC}") = "Sfw.Sabp.Mca.Infrastructure", "Sfw.Sabp.Mca.Infrastructure\Sfw.Sabp.Mca.Infrastructure.csproj", "{29B4F8EF-17EE-4ABA-BE04-DE9A522CE180}"
EndProject
Project("{FAE04EC0-301F-11D3-BF4B-00C04F79EFBC}") = "Sfw.Sabp.Mca.Service", "Sfw.Sabp.Mca.Service\Sfw.Sabp.Mca.Service.csproj", "{097C93B7-799F-4632-8A2B-1EEF5E1EDEFD}"
EndProject
Project("{FAE04EC0-301F-11D3-BF4B-00C04F79EFBC}") = "Sfw.Sabp.Mca.Core", "Sfw.Sabp.Mca.Core\Sfw.Sabp.Mca.Core.csproj", "{1183F3FD-A4DA-4434-840D-DF0AA5C0D6A5}"
EndProject
Project("{FAE04EC0-301F-11D3-BF4B-00C04F79EFBC}") = "Sfw.Sabp.Mca.Web.Tests", "Sfw.Sabp.Mca.Web.Tests\Sfw.Sabp.Mca.Web.Tests.csproj", "{4D512346-0386-42FF-8ED6-63861325B880}"
EndProject
Project("{FAE04EC0-301F-11D3-BF4B-00C04F79EFBC}") = "Sfw.Sabp.Mca.Service.Tests", "Sfw.Sabp.Mca.Service.Tests\Sfw.Sabp.Mca.Service.Tests.csproj", "{2AC6474B-D128-441D-903E-3FC534C74D09}"
EndProject
Project("{FAE04EC0-301F-11D3-BF4B-00C04F79EFBC}") = "Sfw.Sabp.Mca.Infrastructure.Tests", "Sfw.Sabp.Mca.Infrastructure.Tests\Sfw.Sabp.Mca.Infrastructure.Tests.csproj", "{B66002FD-0D9E-42F7-A494-EDD957509A86}"
EndProject
Project("{00D1A9C2-B5F0-4AF3-8072-F6C62B433612}") = "Sfw.Sabp.Mca.Database", "Sfw.Sabp.Mca.Database\Sfw.Sabp.Mca.Database.sqlproj", "{8E3C6538-1ADF-4F8E-87E6-D9D50004CAF9}"
EndProject
Project("{FAE04EC0-301F-11D3-BF4B-00C04F79EFBC}") = "Sfw.Sabp.Mca.DataAccess.Ef", "Sfw.Sabp.Mca.DataAccess.Ef\Sfw.Sabp.Mca.DataAccess.Ef.csproj", "{C4135284-2CC1-47A4-BCA7-7EF06FE916A1}"
EndProject
Project("{2150E333-8FDC-42A3-9474-1A3956D46DE8}") = "Tests", "Tests", "{92C41589-F229-4403-B7EC-C9201C65D9AD}"
EndProject
Project("{2150E333-8FDC-42A3-9474-1A3956D46DE8}") = "Versioning", "Versioning", "{8A2A836F-31EA-4BA5-93DC-8482715A657D}"
	ProjectSection(SolutionItems) = preProject
		ApplyVersionToAssemblies.ps1 = ApplyVersionToAssemblies.ps1
	EndProjectSection
EndProject
Project("{FAE04EC0-301F-11D3-BF4B-00C04F79EFBC}") = "Sfw.Sabp.Mca.Model", "Sfw.Sabp.Mca.Model\Sfw.Sabp.Mca.Model.csproj", "{FCAEE498-B43E-4E26-8D76-62DF98493506}"
EndProject
Project("{FAE04EC0-301F-11D3-BF4B-00C04F79EFBC}") = "Sfw.Sabp.Mca.DataAccess.Tests", "Sfw.Sabp.Mca.DataAccess.Tests\Sfw.Sabp.Mca.DataAccess.Tests.csproj", "{626AE881-7C8B-4155-9229-06A4750F46BF}"
EndProject
Project("{2150E333-8FDC-42A3-9474-1A3956D46DE8}") = "Solution Items", "Solution Items", "{3C0195A6-682D-4875-88C5-7C1DBB0C092F}"
	ProjectSection(SolutionItems) = preProject
		WebEssentials-Settings.json = WebEssentials-Settings.json
	EndProjectSection
EndProject
Project("{FAE04EC0-301F-11D3-BF4B-00C04F79EFBC}") = "Sfw.Sabp.Mca.DataAccess", "Sfw.Sabp.Mca.DataAccess\Sfw.Sabp.Mca.DataAccess.csproj", "{4340E564-2986-4335-BD6C-BA384FE08FFF}"
EndProject
Project("{FAE04EC0-301F-11D3-BF4B-00C04F79EFBC}") = "Sfw.Sabp.Mca.Specflow.Tests", "Sfw.Sabp.Mca.Specflow.Tests\Sfw.Sabp.Mca.Specflow.Tests.csproj", "{D50DBC94-4251-4B07-86BE-1D8107C905D6}"
EndProject
Project("{2150E333-8FDC-42A3-9474-1A3956D46DE8}") = "Settings", "Settings", "{F1989E14-4D48-4A57-AFE9-996213B0847B}"
	ProjectSection(SolutionItems) = preProject
		Sfw.Sabp.Mca.sln.runsettings = Sfw.Sabp.Mca.sln.runsettings
	EndProjectSection
EndProject
Global
	GlobalSection(SolutionConfigurationPlatforms) = preSolution
		Debug|Any CPU = Debug|Any CPU
		Debug|Mixed Platforms = Debug|Mixed Platforms
		Debug|x86 = Debug|x86
		DevCI|Any CPU = DevCI|Any CPU
		DevCI|Mixed Platforms = DevCI|Mixed Platforms
		DevCI|x86 = DevCI|x86
		Integration|Any CPU = Integration|Any CPU
		Integration|Mixed Platforms = Integration|Mixed Platforms
		Integration|x86 = Integration|x86
		Release|Any CPU = Release|Any CPU
		Release|Mixed Platforms = Release|Mixed Platforms
		Release|x86 = Release|x86
	EndGlobalSection
	GlobalSection(ProjectConfigurationPlatforms) = postSolution
		{D55BB883-3E35-421F-9000-C25291745E68}.Debug|Any CPU.ActiveCfg = Debug|Any CPU
		{D55BB883-3E35-421F-9000-C25291745E68}.Debug|Any CPU.Build.0 = Debug|Any CPU
		{D55BB883-3E35-421F-9000-C25291745E68}.Debug|Mixed Platforms.ActiveCfg = Debug|Any CPU
		{D55BB883-3E35-421F-9000-C25291745E68}.Debug|Mixed Platforms.Build.0 = Debug|Any CPU
		{D55BB883-3E35-421F-9000-C25291745E68}.Debug|x86.ActiveCfg = Debug|Any CPU
		{D55BB883-3E35-421F-9000-C25291745E68}.DevCI|Any CPU.ActiveCfg = DevCI|Any CPU
		{D55BB883-3E35-421F-9000-C25291745E68}.DevCI|Any CPU.Build.0 = DevCI|Any CPU
		{D55BB883-3E35-421F-9000-C25291745E68}.DevCI|Mixed Platforms.ActiveCfg = DevCI|Any CPU
		{D55BB883-3E35-421F-9000-C25291745E68}.DevCI|Mixed Platforms.Build.0 = DevCI|Any CPU
		{D55BB883-3E35-421F-9000-C25291745E68}.DevCI|x86.ActiveCfg = DevCI|Any CPU
		{D55BB883-3E35-421F-9000-C25291745E68}.Integration|Any CPU.ActiveCfg = Integration|Any CPU
		{D55BB883-3E35-421F-9000-C25291745E68}.Integration|Any CPU.Build.0 = Integration|Any CPU
		{D55BB883-3E35-421F-9000-C25291745E68}.Integration|Mixed Platforms.ActiveCfg = Integration|Any CPU
		{D55BB883-3E35-421F-9000-C25291745E68}.Integration|Mixed Platforms.Build.0 = Integration|Any CPU
		{D55BB883-3E35-421F-9000-C25291745E68}.Integration|x86.ActiveCfg = Integration|Any CPU
		{D55BB883-3E35-421F-9000-C25291745E68}.Release|Any CPU.ActiveCfg = Release|Any CPU
		{D55BB883-3E35-421F-9000-C25291745E68}.Release|Any CPU.Build.0 = Release|Any CPU
		{D55BB883-3E35-421F-9000-C25291745E68}.Release|Mixed Platforms.ActiveCfg = Release|Any CPU
		{D55BB883-3E35-421F-9000-C25291745E68}.Release|Mixed Platforms.Build.0 = Release|Any CPU
		{D55BB883-3E35-421F-9000-C25291745E68}.Release|x86.ActiveCfg = Release|Any CPU
		{29B4F8EF-17EE-4ABA-BE04-DE9A522CE180}.Debug|Any CPU.ActiveCfg = Debug|Any CPU
		{29B4F8EF-17EE-4ABA-BE04-DE9A522CE180}.Debug|Any CPU.Build.0 = Debug|Any CPU
		{29B4F8EF-17EE-4ABA-BE04-DE9A522CE180}.Debug|Mixed Platforms.ActiveCfg = Debug|Any CPU
		{29B4F8EF-17EE-4ABA-BE04-DE9A522CE180}.Debug|Mixed Platforms.Build.0 = Debug|Any CPU
		{29B4F8EF-17EE-4ABA-BE04-DE9A522CE180}.Debug|x86.ActiveCfg = Debug|Any CPU
		{29B4F8EF-17EE-4ABA-BE04-DE9A522CE180}.DevCI|Any CPU.ActiveCfg = DevCI|Any CPU
		{29B4F8EF-17EE-4ABA-BE04-DE9A522CE180}.DevCI|Any CPU.Build.0 = DevCI|Any CPU
		{29B4F8EF-17EE-4ABA-BE04-DE9A522CE180}.DevCI|Mixed Platforms.ActiveCfg = DevCI|Any CPU
		{29B4F8EF-17EE-4ABA-BE04-DE9A522CE180}.DevCI|Mixed Platforms.Build.0 = DevCI|Any CPU
		{29B4F8EF-17EE-4ABA-BE04-DE9A522CE180}.DevCI|x86.ActiveCfg = DevCI|Any CPU
		{29B4F8EF-17EE-4ABA-BE04-DE9A522CE180}.Integration|Any CPU.ActiveCfg = Integration|Any CPU
		{29B4F8EF-17EE-4ABA-BE04-DE9A522CE180}.Integration|Any CPU.Build.0 = Integration|Any CPU
		{29B4F8EF-17EE-4ABA-BE04-DE9A522CE180}.Integration|Mixed Platforms.ActiveCfg = Integration|Any CPU
		{29B4F8EF-17EE-4ABA-BE04-DE9A522CE180}.Integration|Mixed Platforms.Build.0 = Integration|Any CPU
		{29B4F8EF-17EE-4ABA-BE04-DE9A522CE180}.Integration|x86.ActiveCfg = Integration|Any CPU
		{29B4F8EF-17EE-4ABA-BE04-DE9A522CE180}.Release|Any CPU.ActiveCfg = Release|Any CPU
		{29B4F8EF-17EE-4ABA-BE04-DE9A522CE180}.Release|Any CPU.Build.0 = Release|Any CPU
		{29B4F8EF-17EE-4ABA-BE04-DE9A522CE180}.Release|Mixed Platforms.ActiveCfg = Release|Any CPU
		{29B4F8EF-17EE-4ABA-BE04-DE9A522CE180}.Release|Mixed Platforms.Build.0 = Release|Any CPU
		{29B4F8EF-17EE-4ABA-BE04-DE9A522CE180}.Release|x86.ActiveCfg = Release|Any CPU
		{097C93B7-799F-4632-8A2B-1EEF5E1EDEFD}.Debug|Any CPU.ActiveCfg = Debug|Any CPU
		{097C93B7-799F-4632-8A2B-1EEF5E1EDEFD}.Debug|Any CPU.Build.0 = Debug|Any CPU
		{097C93B7-799F-4632-8A2B-1EEF5E1EDEFD}.Debug|Mixed Platforms.ActiveCfg = Debug|Any CPU
		{097C93B7-799F-4632-8A2B-1EEF5E1EDEFD}.Debug|Mixed Platforms.Build.0 = Debug|Any CPU
		{097C93B7-799F-4632-8A2B-1EEF5E1EDEFD}.Debug|x86.ActiveCfg = Debug|Any CPU
		{097C93B7-799F-4632-8A2B-1EEF5E1EDEFD}.DevCI|Any CPU.ActiveCfg = DevCI|Any CPU
		{097C93B7-799F-4632-8A2B-1EEF5E1EDEFD}.DevCI|Any CPU.Build.0 = DevCI|Any CPU
		{097C93B7-799F-4632-8A2B-1EEF5E1EDEFD}.DevCI|Mixed Platforms.ActiveCfg = DevCI|Any CPU
		{097C93B7-799F-4632-8A2B-1EEF5E1EDEFD}.DevCI|Mixed Platforms.Build.0 = DevCI|Any CPU
		{097C93B7-799F-4632-8A2B-1EEF5E1EDEFD}.DevCI|x86.ActiveCfg = DevCI|Any CPU
		{097C93B7-799F-4632-8A2B-1EEF5E1EDEFD}.Integration|Any CPU.ActiveCfg = Integration|Any CPU
		{097C93B7-799F-4632-8A2B-1EEF5E1EDEFD}.Integration|Any CPU.Build.0 = Integration|Any CPU
		{097C93B7-799F-4632-8A2B-1EEF5E1EDEFD}.Integration|Mixed Platforms.ActiveCfg = Integration|Any CPU
		{097C93B7-799F-4632-8A2B-1EEF5E1EDEFD}.Integration|Mixed Platforms.Build.0 = Integration|Any CPU
		{097C93B7-799F-4632-8A2B-1EEF5E1EDEFD}.Integration|x86.ActiveCfg = Integration|Any CPU
		{097C93B7-799F-4632-8A2B-1EEF5E1EDEFD}.Release|Any CPU.ActiveCfg = Release|Any CPU
		{097C93B7-799F-4632-8A2B-1EEF5E1EDEFD}.Release|Any CPU.Build.0 = Release|Any CPU
		{097C93B7-799F-4632-8A2B-1EEF5E1EDEFD}.Release|Mixed Platforms.ActiveCfg = Release|Any CPU
		{097C93B7-799F-4632-8A2B-1EEF5E1EDEFD}.Release|Mixed Platforms.Build.0 = Release|Any CPU
		{097C93B7-799F-4632-8A2B-1EEF5E1EDEFD}.Release|x86.ActiveCfg = Release|Any CPU
		{1183F3FD-A4DA-4434-840D-DF0AA5C0D6A5}.Debug|Any CPU.ActiveCfg = Debug|Any CPU
		{1183F3FD-A4DA-4434-840D-DF0AA5C0D6A5}.Debug|Any CPU.Build.0 = Debug|Any CPU
		{1183F3FD-A4DA-4434-840D-DF0AA5C0D6A5}.Debug|Mixed Platforms.ActiveCfg = Debug|Any CPU
		{1183F3FD-A4DA-4434-840D-DF0AA5C0D6A5}.Debug|Mixed Platforms.Build.0 = Debug|Any CPU
		{1183F3FD-A4DA-4434-840D-DF0AA5C0D6A5}.Debug|x86.ActiveCfg = Debug|Any CPU
		{1183F3FD-A4DA-4434-840D-DF0AA5C0D6A5}.DevCI|Any CPU.ActiveCfg = DevCI|Any CPU
		{1183F3FD-A4DA-4434-840D-DF0AA5C0D6A5}.DevCI|Any CPU.Build.0 = DevCI|Any CPU
		{1183F3FD-A4DA-4434-840D-DF0AA5C0D6A5}.DevCI|Mixed Platforms.ActiveCfg = DevCI|Any CPU
		{1183F3FD-A4DA-4434-840D-DF0AA5C0D6A5}.DevCI|Mixed Platforms.Build.0 = DevCI|Any CPU
		{1183F3FD-A4DA-4434-840D-DF0AA5C0D6A5}.DevCI|x86.ActiveCfg = DevCI|Any CPU
		{1183F3FD-A4DA-4434-840D-DF0AA5C0D6A5}.Integration|Any CPU.ActiveCfg = Integration|Any CPU
		{1183F3FD-A4DA-4434-840D-DF0AA5C0D6A5}.Integration|Any CPU.Build.0 = Integration|Any CPU
		{1183F3FD-A4DA-4434-840D-DF0AA5C0D6A5}.Integration|Mixed Platforms.ActiveCfg = Release|Any CPU
		{1183F3FD-A4DA-4434-840D-DF0AA5C0D6A5}.Integration|Mixed Platforms.Build.0 = Release|Any CPU
		{1183F3FD-A4DA-4434-840D-DF0AA5C0D6A5}.Integration|x86.ActiveCfg = Release|Any CPU
		{1183F3FD-A4DA-4434-840D-DF0AA5C0D6A5}.Release|Any CPU.ActiveCfg = Release|Any CPU
		{1183F3FD-A4DA-4434-840D-DF0AA5C0D6A5}.Release|Any CPU.Build.0 = Release|Any CPU
		{1183F3FD-A4DA-4434-840D-DF0AA5C0D6A5}.Release|Mixed Platforms.ActiveCfg = Release|Any CPU
		{1183F3FD-A4DA-4434-840D-DF0AA5C0D6A5}.Release|Mixed Platforms.Build.0 = Release|Any CPU
		{1183F3FD-A4DA-4434-840D-DF0AA5C0D6A5}.Release|x86.ActiveCfg = Release|Any CPU
		{4D512346-0386-42FF-8ED6-63861325B880}.Debug|Any CPU.ActiveCfg = Debug|Any CPU
		{4D512346-0386-42FF-8ED6-63861325B880}.Debug|Any CPU.Build.0 = Debug|Any CPU
		{4D512346-0386-42FF-8ED6-63861325B880}.Debug|Mixed Platforms.ActiveCfg = Debug|Any CPU
		{4D512346-0386-42FF-8ED6-63861325B880}.Debug|Mixed Platforms.Build.0 = Debug|Any CPU
		{4D512346-0386-42FF-8ED6-63861325B880}.Debug|x86.ActiveCfg = Debug|Any CPU
		{4D512346-0386-42FF-8ED6-63861325B880}.DevCI|Any CPU.ActiveCfg = DevCI|Any CPU
		{4D512346-0386-42FF-8ED6-63861325B880}.DevCI|Any CPU.Build.0 = DevCI|Any CPU
		{4D512346-0386-42FF-8ED6-63861325B880}.DevCI|Mixed Platforms.ActiveCfg = DevCI|Any CPU
		{4D512346-0386-42FF-8ED6-63861325B880}.DevCI|Mixed Platforms.Build.0 = DevCI|Any CPU
		{4D512346-0386-42FF-8ED6-63861325B880}.DevCI|x86.ActiveCfg = DevCI|Any CPU
		{4D512346-0386-42FF-8ED6-63861325B880}.Integration|Any CPU.ActiveCfg = Integration|Any CPU
		{4D512346-0386-42FF-8ED6-63861325B880}.Integration|Any CPU.Build.0 = Integration|Any CPU
		{4D512346-0386-42FF-8ED6-63861325B880}.Integration|Mixed Platforms.ActiveCfg = Integration|Any CPU
		{4D512346-0386-42FF-8ED6-63861325B880}.Integration|Mixed Platforms.Build.0 = Integration|Any CPU
		{4D512346-0386-42FF-8ED6-63861325B880}.Integration|x86.ActiveCfg = Integration|Any CPU
		{4D512346-0386-42FF-8ED6-63861325B880}.Release|Any CPU.ActiveCfg = Release|Any CPU
		{4D512346-0386-42FF-8ED6-63861325B880}.Release|Any CPU.Build.0 = Release|Any CPU
		{4D512346-0386-42FF-8ED6-63861325B880}.Release|Mixed Platforms.ActiveCfg = Release|Any CPU
		{4D512346-0386-42FF-8ED6-63861325B880}.Release|Mixed Platforms.Build.0 = Release|Any CPU
		{4D512346-0386-42FF-8ED6-63861325B880}.Release|x86.ActiveCfg = Release|Any CPU
		{2AC6474B-D128-441D-903E-3FC534C74D09}.Debug|Any CPU.ActiveCfg = Debug|Any CPU
		{2AC6474B-D128-441D-903E-3FC534C74D09}.Debug|Any CPU.Build.0 = Debug|Any CPU
		{2AC6474B-D128-441D-903E-3FC534C74D09}.Debug|Mixed Platforms.ActiveCfg = Debug|Any CPU
		{2AC6474B-D128-441D-903E-3FC534C74D09}.Debug|Mixed Platforms.Build.0 = Debug|Any CPU
		{2AC6474B-D128-441D-903E-3FC534C74D09}.Debug|x86.ActiveCfg = Debug|Any CPU
		{2AC6474B-D128-441D-903E-3FC534C74D09}.DevCI|Any CPU.ActiveCfg = DevCI|Any CPU
		{2AC6474B-D128-441D-903E-3FC534C74D09}.DevCI|Any CPU.Build.0 = DevCI|Any CPU
		{2AC6474B-D128-441D-903E-3FC534C74D09}.DevCI|Mixed Platforms.ActiveCfg = DevCI|Any CPU
		{2AC6474B-D128-441D-903E-3FC534C74D09}.DevCI|Mixed Platforms.Build.0 = DevCI|Any CPU
		{2AC6474B-D128-441D-903E-3FC534C74D09}.DevCI|x86.ActiveCfg = DevCI|Any CPU
		{2AC6474B-D128-441D-903E-3FC534C74D09}.Integration|Any CPU.ActiveCfg = Integration|Any CPU
		{2AC6474B-D128-441D-903E-3FC534C74D09}.Integration|Any CPU.Build.0 = Integration|Any CPU
		{2AC6474B-D128-441D-903E-3FC534C74D09}.Integration|Mixed Platforms.ActiveCfg = Integration|Any CPU
		{2AC6474B-D128-441D-903E-3FC534C74D09}.Integration|Mixed Platforms.Build.0 = Integration|Any CPU
		{2AC6474B-D128-441D-903E-3FC534C74D09}.Integration|x86.ActiveCfg = Integration|Any CPU
		{2AC6474B-D128-441D-903E-3FC534C74D09}.Release|Any CPU.ActiveCfg = Release|Any CPU
		{2AC6474B-D128-441D-903E-3FC534C74D09}.Release|Any CPU.Build.0 = Release|Any CPU
		{2AC6474B-D128-441D-903E-3FC534C74D09}.Release|Mixed Platforms.ActiveCfg = Release|Any CPU
		{2AC6474B-D128-441D-903E-3FC534C74D09}.Release|Mixed Platforms.Build.0 = Release|Any CPU
		{2AC6474B-D128-441D-903E-3FC534C74D09}.Release|x86.ActiveCfg = Release|Any CPU
		{B66002FD-0D9E-42F7-A494-EDD957509A86}.Debug|Any CPU.ActiveCfg = Debug|Any CPU
		{B66002FD-0D9E-42F7-A494-EDD957509A86}.Debug|Any CPU.Build.0 = Debug|Any CPU
		{B66002FD-0D9E-42F7-A494-EDD957509A86}.Debug|Mixed Platforms.ActiveCfg = Debug|Any CPU
		{B66002FD-0D9E-42F7-A494-EDD957509A86}.Debug|Mixed Platforms.Build.0 = Debug|Any CPU
		{B66002FD-0D9E-42F7-A494-EDD957509A86}.Debug|x86.ActiveCfg = Debug|Any CPU
		{B66002FD-0D9E-42F7-A494-EDD957509A86}.DevCI|Any CPU.ActiveCfg = DevCI|Any CPU
		{B66002FD-0D9E-42F7-A494-EDD957509A86}.DevCI|Any CPU.Build.0 = DevCI|Any CPU
		{B66002FD-0D9E-42F7-A494-EDD957509A86}.DevCI|Mixed Platforms.ActiveCfg = DevCI|Any CPU
		{B66002FD-0D9E-42F7-A494-EDD957509A86}.DevCI|Mixed Platforms.Build.0 = DevCI|Any CPU
		{B66002FD-0D9E-42F7-A494-EDD957509A86}.DevCI|x86.ActiveCfg = DevCI|Any CPU
		{B66002FD-0D9E-42F7-A494-EDD957509A86}.Integration|Any CPU.ActiveCfg = Integration|Any CPU
		{B66002FD-0D9E-42F7-A494-EDD957509A86}.Integration|Any CPU.Build.0 = Integration|Any CPU
		{B66002FD-0D9E-42F7-A494-EDD957509A86}.Integration|Mixed Platforms.ActiveCfg = Integration|Any CPU
		{B66002FD-0D9E-42F7-A494-EDD957509A86}.Integration|Mixed Platforms.Build.0 = Integration|Any CPU
		{B66002FD-0D9E-42F7-A494-EDD957509A86}.Integration|x86.ActiveCfg = Integration|Any CPU
		{B66002FD-0D9E-42F7-A494-EDD957509A86}.Release|Any CPU.ActiveCfg = Release|Any CPU
		{B66002FD-0D9E-42F7-A494-EDD957509A86}.Release|Any CPU.Build.0 = Release|Any CPU
		{B66002FD-0D9E-42F7-A494-EDD957509A86}.Release|Mixed Platforms.ActiveCfg = Release|Any CPU
		{B66002FD-0D9E-42F7-A494-EDD957509A86}.Release|Mixed Platforms.Build.0 = Release|Any CPU
		{B66002FD-0D9E-42F7-A494-EDD957509A86}.Release|x86.ActiveCfg = Release|Any CPU
		{8E3C6538-1ADF-4F8E-87E6-D9D50004CAF9}.Debug|Any CPU.ActiveCfg = Debug|Any CPU
		{8E3C6538-1ADF-4F8E-87E6-D9D50004CAF9}.Debug|Any CPU.Build.0 = Debug|Any CPU
		{8E3C6538-1ADF-4F8E-87E6-D9D50004CAF9}.Debug|Any CPU.Deploy.0 = Debug|Any CPU
		{8E3C6538-1ADF-4F8E-87E6-D9D50004CAF9}.Debug|Mixed Platforms.ActiveCfg = Debug|Any CPU
		{8E3C6538-1ADF-4F8E-87E6-D9D50004CAF9}.Debug|Mixed Platforms.Build.0 = Debug|Any CPU
		{8E3C6538-1ADF-4F8E-87E6-D9D50004CAF9}.Debug|Mixed Platforms.Deploy.0 = Debug|Any CPU
		{8E3C6538-1ADF-4F8E-87E6-D9D50004CAF9}.Debug|x86.ActiveCfg = Debug|Any CPU
		{8E3C6538-1ADF-4F8E-87E6-D9D50004CAF9}.DevCI|Any CPU.ActiveCfg = DevCI|Any CPU
		{8E3C6538-1ADF-4F8E-87E6-D9D50004CAF9}.DevCI|Any CPU.Build.0 = DevCI|Any CPU
		{8E3C6538-1ADF-4F8E-87E6-D9D50004CAF9}.DevCI|Any CPU.Deploy.0 = DevCI|Any CPU
		{8E3C6538-1ADF-4F8E-87E6-D9D50004CAF9}.DevCI|Mixed Platforms.ActiveCfg = Debug|Any CPU
		{8E3C6538-1ADF-4F8E-87E6-D9D50004CAF9}.DevCI|Mixed Platforms.Build.0 = Debug|Any CPU
		{8E3C6538-1ADF-4F8E-87E6-D9D50004CAF9}.DevCI|Mixed Platforms.Deploy.0 = Debug|Any CPU
		{8E3C6538-1ADF-4F8E-87E6-D9D50004CAF9}.DevCI|x86.ActiveCfg = Debug|Any CPU
		{8E3C6538-1ADF-4F8E-87E6-D9D50004CAF9}.Integration|Any CPU.ActiveCfg = Integration|Any CPU
		{8E3C6538-1ADF-4F8E-87E6-D9D50004CAF9}.Integration|Any CPU.Build.0 = Integration|Any CPU
		{8E3C6538-1ADF-4F8E-87E6-D9D50004CAF9}.Integration|Any CPU.Deploy.0 = Integration|Any CPU
		{8E3C6538-1ADF-4F8E-87E6-D9D50004CAF9}.Integration|Mixed Platforms.ActiveCfg = Integration|Any CPU
		{8E3C6538-1ADF-4F8E-87E6-D9D50004CAF9}.Integration|Mixed Platforms.Build.0 = Integration|Any CPU
		{8E3C6538-1ADF-4F8E-87E6-D9D50004CAF9}.Integration|Mixed Platforms.Deploy.0 = Integration|Any CPU
		{8E3C6538-1ADF-4F8E-87E6-D9D50004CAF9}.Integration|x86.ActiveCfg = Integration|Any CPU
		{8E3C6538-1ADF-4F8E-87E6-D9D50004CAF9}.Release|Any CPU.ActiveCfg = Release|Any CPU
		{8E3C6538-1ADF-4F8E-87E6-D9D50004CAF9}.Release|Any CPU.Build.0 = Release|Any CPU
		{8E3C6538-1ADF-4F8E-87E6-D9D50004CAF9}.Release|Any CPU.Deploy.0 = Release|Any CPU
		{8E3C6538-1ADF-4F8E-87E6-D9D50004CAF9}.Release|Mixed Platforms.ActiveCfg = Release|Any CPU
		{8E3C6538-1ADF-4F8E-87E6-D9D50004CAF9}.Release|Mixed Platforms.Build.0 = Release|Any CPU
		{8E3C6538-1ADF-4F8E-87E6-D9D50004CAF9}.Release|Mixed Platforms.Deploy.0 = Release|Any CPU
		{8E3C6538-1ADF-4F8E-87E6-D9D50004CAF9}.Release|x86.ActiveCfg = Release|Any CPU
		{C4135284-2CC1-47A4-BCA7-7EF06FE916A1}.Debug|Any CPU.ActiveCfg = Debug|Any CPU
		{C4135284-2CC1-47A4-BCA7-7EF06FE916A1}.Debug|Any CPU.Build.0 = Debug|Any CPU
		{C4135284-2CC1-47A4-BCA7-7EF06FE916A1}.Debug|Mixed Platforms.ActiveCfg = Debug|Any CPU
		{C4135284-2CC1-47A4-BCA7-7EF06FE916A1}.Debug|Mixed Platforms.Build.0 = Debug|Any CPU
		{C4135284-2CC1-47A4-BCA7-7EF06FE916A1}.Debug|x86.ActiveCfg = Debug|Any CPU
		{C4135284-2CC1-47A4-BCA7-7EF06FE916A1}.DevCI|Any CPU.ActiveCfg = DevCI|Any CPU
		{C4135284-2CC1-47A4-BCA7-7EF06FE916A1}.DevCI|Any CPU.Build.0 = DevCI|Any CPU
		{C4135284-2CC1-47A4-BCA7-7EF06FE916A1}.DevCI|Mixed Platforms.ActiveCfg = DevCI|Any CPU
		{C4135284-2CC1-47A4-BCA7-7EF06FE916A1}.DevCI|Mixed Platforms.Build.0 = DevCI|Any CPU
		{C4135284-2CC1-47A4-BCA7-7EF06FE916A1}.DevCI|x86.ActiveCfg = DevCI|Any CPU
		{C4135284-2CC1-47A4-BCA7-7EF06FE916A1}.Integration|Any CPU.ActiveCfg = Integration|Any CPU
		{C4135284-2CC1-47A4-BCA7-7EF06FE916A1}.Integration|Any CPU.Build.0 = Integration|Any CPU
		{C4135284-2CC1-47A4-BCA7-7EF06FE916A1}.Integration|Mixed Platforms.ActiveCfg = Integration|Any CPU
		{C4135284-2CC1-47A4-BCA7-7EF06FE916A1}.Integration|Mixed Platforms.Build.0 = Integration|Any CPU
		{C4135284-2CC1-47A4-BCA7-7EF06FE916A1}.Integration|x86.ActiveCfg = Integration|Any CPU
		{C4135284-2CC1-47A4-BCA7-7EF06FE916A1}.Release|Any CPU.ActiveCfg = Release|Any CPU
		{C4135284-2CC1-47A4-BCA7-7EF06FE916A1}.Release|Any CPU.Build.0 = Release|Any CPU
		{C4135284-2CC1-47A4-BCA7-7EF06FE916A1}.Release|Mixed Platforms.ActiveCfg = Release|Any CPU
		{C4135284-2CC1-47A4-BCA7-7EF06FE916A1}.Release|Mixed Platforms.Build.0 = Release|Any CPU
		{C4135284-2CC1-47A4-BCA7-7EF06FE916A1}.Release|x86.ActiveCfg = Release|Any CPU
		{FCAEE498-B43E-4E26-8D76-62DF98493506}.Debug|Any CPU.ActiveCfg = Debug|Any CPU
		{FCAEE498-B43E-4E26-8D76-62DF98493506}.Debug|Any CPU.Build.0 = Debug|Any CPU
		{FCAEE498-B43E-4E26-8D76-62DF98493506}.Debug|Mixed Platforms.ActiveCfg = Debug|Any CPU
		{FCAEE498-B43E-4E26-8D76-62DF98493506}.Debug|Mixed Platforms.Build.0 = Debug|Any CPU
		{FCAEE498-B43E-4E26-8D76-62DF98493506}.Debug|x86.ActiveCfg = Debug|Any CPU
		{FCAEE498-B43E-4E26-8D76-62DF98493506}.DevCI|Any CPU.ActiveCfg = DevCI|Any CPU
		{FCAEE498-B43E-4E26-8D76-62DF98493506}.DevCI|Any CPU.Build.0 = DevCI|Any CPU
		{FCAEE498-B43E-4E26-8D76-62DF98493506}.DevCI|Mixed Platforms.ActiveCfg = DevCI|Any CPU
		{FCAEE498-B43E-4E26-8D76-62DF98493506}.DevCI|Mixed Platforms.Build.0 = DevCI|Any CPU
		{FCAEE498-B43E-4E26-8D76-62DF98493506}.DevCI|x86.ActiveCfg = DevCI|Any CPU
		{FCAEE498-B43E-4E26-8D76-62DF98493506}.Integration|Any CPU.ActiveCfg = Integration|Any CPU
		{FCAEE498-B43E-4E26-8D76-62DF98493506}.Integration|Any CPU.Build.0 = Integration|Any CPU
		{FCAEE498-B43E-4E26-8D76-62DF98493506}.Integration|Mixed Platforms.ActiveCfg = Integration|Any CPU
		{FCAEE498-B43E-4E26-8D76-62DF98493506}.Integration|Mixed Platforms.Build.0 = Integration|Any CPU
		{FCAEE498-B43E-4E26-8D76-62DF98493506}.Integration|x86.ActiveCfg = Integration|Any CPU
		{FCAEE498-B43E-4E26-8D76-62DF98493506}.Release|Any CPU.ActiveCfg = Release|Any CPU
		{FCAEE498-B43E-4E26-8D76-62DF98493506}.Release|Any CPU.Build.0 = Release|Any CPU
		{FCAEE498-B43E-4E26-8D76-62DF98493506}.Release|Mixed Platforms.ActiveCfg = Release|Any CPU
		{FCAEE498-B43E-4E26-8D76-62DF98493506}.Release|Mixed Platforms.Build.0 = Release|Any CPU
		{FCAEE498-B43E-4E26-8D76-62DF98493506}.Release|x86.ActiveCfg = Release|Any CPU
		{626AE881-7C8B-4155-9229-06A4750F46BF}.Debug|Any CPU.ActiveCfg = Debug|Any CPU
		{626AE881-7C8B-4155-9229-06A4750F46BF}.Debug|Any CPU.Build.0 = Debug|Any CPU
		{626AE881-7C8B-4155-9229-06A4750F46BF}.Debug|Mixed Platforms.ActiveCfg = Debug|Any CPU
		{626AE881-7C8B-4155-9229-06A4750F46BF}.Debug|Mixed Platforms.Build.0 = Debug|Any CPU
		{626AE881-7C8B-4155-9229-06A4750F46BF}.Debug|x86.ActiveCfg = Debug|Any CPU
		{626AE881-7C8B-4155-9229-06A4750F46BF}.DevCI|Any CPU.ActiveCfg = DevCI|Any CPU
		{626AE881-7C8B-4155-9229-06A4750F46BF}.DevCI|Mixed Platforms.ActiveCfg = Debug|Any CPU
		{626AE881-7C8B-4155-9229-06A4750F46BF}.DevCI|x86.ActiveCfg = Debug|Any CPU
		{626AE881-7C8B-4155-9229-06A4750F46BF}.Integration|Any CPU.ActiveCfg = Integration|Any CPU
		{626AE881-7C8B-4155-9229-06A4750F46BF}.Integration|Any CPU.Build.0 = Integration|Any CPU
		{626AE881-7C8B-4155-9229-06A4750F46BF}.Integration|Mixed Platforms.ActiveCfg = Release|Any CPU
		{626AE881-7C8B-4155-9229-06A4750F46BF}.Integration|x86.ActiveCfg = Release|Any CPU
		{626AE881-7C8B-4155-9229-06A4750F46BF}.Release|Any CPU.ActiveCfg = Release|Any CPU
		{626AE881-7C8B-4155-9229-06A4750F46BF}.Release|Any CPU.Build.0 = Release|Any CPU
		{626AE881-7C8B-4155-9229-06A4750F46BF}.Release|Mixed Platforms.ActiveCfg = Release|Any CPU
		{626AE881-7C8B-4155-9229-06A4750F46BF}.Release|Mixed Platforms.Build.0 = Release|Any CPU
		{626AE881-7C8B-4155-9229-06A4750F46BF}.Release|x86.ActiveCfg = Release|Any CPU
		{4340E564-2986-4335-BD6C-BA384FE08FFF}.Debug|Any CPU.ActiveCfg = Debug|Any CPU
		{4340E564-2986-4335-BD6C-BA384FE08FFF}.Debug|Any CPU.Build.0 = Debug|Any CPU
		{4340E564-2986-4335-BD6C-BA384FE08FFF}.Debug|Mixed Platforms.ActiveCfg = Debug|Any CPU
		{4340E564-2986-4335-BD6C-BA384FE08FFF}.Debug|Mixed Platforms.Build.0 = Debug|Any CPU
		{4340E564-2986-4335-BD6C-BA384FE08FFF}.Debug|x86.ActiveCfg = Debug|Any CPU
		{4340E564-2986-4335-BD6C-BA384FE08FFF}.DevCI|Any CPU.ActiveCfg = DevCI|Any CPU
		{4340E564-2986-4335-BD6C-BA384FE08FFF}.DevCI|Any CPU.Build.0 = DevCI|Any CPU
		{4340E564-2986-4335-BD6C-BA384FE08FFF}.DevCI|Mixed Platforms.ActiveCfg = Debug|Any CPU
		{4340E564-2986-4335-BD6C-BA384FE08FFF}.DevCI|Mixed Platforms.Build.0 = Debug|Any CPU
		{4340E564-2986-4335-BD6C-BA384FE08FFF}.DevCI|x86.ActiveCfg = Debug|Any CPU
		{4340E564-2986-4335-BD6C-BA384FE08FFF}.Integration|Any CPU.ActiveCfg = Integration|Any CPU
		{4340E564-2986-4335-BD6C-BA384FE08FFF}.Integration|Any CPU.Build.0 = Integration|Any CPU
		{4340E564-2986-4335-BD6C-BA384FE08FFF}.Integration|Mixed Platforms.ActiveCfg = Integration|Any CPU
		{4340E564-2986-4335-BD6C-BA384FE08FFF}.Integration|Mixed Platforms.Build.0 = Integration|Any CPU
		{4340E564-2986-4335-BD6C-BA384FE08FFF}.Integration|x86.ActiveCfg = Integration|Any CPU
		{4340E564-2986-4335-BD6C-BA384FE08FFF}.Release|Any CPU.ActiveCfg = Release|Any CPU
		{4340E564-2986-4335-BD6C-BA384FE08FFF}.Release|Any CPU.Build.0 = Release|Any CPU
		{4340E564-2986-4335-BD6C-BA384FE08FFF}.Release|Mixed Platforms.ActiveCfg = Release|Any CPU
		{4340E564-2986-4335-BD6C-BA384FE08FFF}.Release|Mixed Platforms.Build.0 = Release|Any CPU
		{4340E564-2986-4335-BD6C-BA384FE08FFF}.Release|x86.ActiveCfg = Release|Any CPU
		{D50DBC94-4251-4B07-86BE-1D8107C905D6}.Debug|Any CPU.ActiveCfg = Debug|Any CPU
		{D50DBC94-4251-4B07-86BE-1D8107C905D6}.Debug|Any CPU.Build.0 = Debug|Any CPU
		{D50DBC94-4251-4B07-86BE-1D8107C905D6}.Debug|Mixed Platforms.ActiveCfg = Debug|Any CPU
		{D50DBC94-4251-4B07-86BE-1D8107C905D6}.Debug|Mixed Platforms.Build.0 = Debug|Any CPU
		{D50DBC94-4251-4B07-86BE-1D8107C905D6}.Debug|x86.ActiveCfg = Debug|Any CPU
		{D50DBC94-4251-4B07-86BE-1D8107C905D6}.DevCI|Any CPU.ActiveCfg = DevCI|Any CPU
		{D50DBC94-4251-4B07-86BE-1D8107C905D6}.DevCI|Any CPU.Build.0 = DevCI|Any CPU
		{D50DBC94-4251-4B07-86BE-1D8107C905D6}.DevCI|Mixed Platforms.ActiveCfg = Debug|Any CPU
		{D50DBC94-4251-4B07-86BE-1D8107C905D6}.DevCI|Mixed Platforms.Build.0 = Debug|Any CPU
		{D50DBC94-4251-4B07-86BE-1D8107C905D6}.DevCI|x86.ActiveCfg = Debug|Any CPU
		{D50DBC94-4251-4B07-86BE-1D8107C905D6}.Integration|Any CPU.ActiveCfg = Integration|Any CPU
		{D50DBC94-4251-4B07-86BE-1D8107C905D6}.Integration|Any CPU.Build.0 = Integration|Any CPU
		{D50DBC94-4251-4B07-86BE-1D8107C905D6}.Integration|Mixed Platforms.ActiveCfg = Integration|Any CPU
		{D50DBC94-4251-4B07-86BE-1D8107C905D6}.Integration|Mixed Platforms.Build.0 = Integration|Any CPU
		{D50DBC94-4251-4B07-86BE-1D8107C905D6}.Integration|x86.ActiveCfg = Integration|Any CPU
		{D50DBC94-4251-4B07-86BE-1D8107C905D6}.Release|Any CPU.ActiveCfg = Release|Any CPU
		{D50DBC94-4251-4B07-86BE-1D8107C905D6}.Release|Any CPU.Build.0 = Release|Any CPU
		{D50DBC94-4251-4B07-86BE-1D8107C905D6}.Release|Mixed Platforms.ActiveCfg = Release|Any CPU
		{D50DBC94-4251-4B07-86BE-1D8107C905D6}.Release|Mixed Platforms.Build.0 = Release|Any CPU
		{D50DBC94-4251-4B07-86BE-1D8107C905D6}.Release|x86.ActiveCfg = Release|Any CPU
	EndGlobalSection
	GlobalSection(SolutionProperties) = preSolution
		HideSolutionNode = FALSE
	EndGlobalSection
	GlobalSection(NestedProjects) = preSolution
		{4D512346-0386-42FF-8ED6-63861325B880} = {92C41589-F229-4403-B7EC-C9201C65D9AD}
		{2AC6474B-D128-441D-903E-3FC534C74D09} = {92C41589-F229-4403-B7EC-C9201C65D9AD}
		{B66002FD-0D9E-42F7-A494-EDD957509A86} = {92C41589-F229-4403-B7EC-C9201C65D9AD}
		{626AE881-7C8B-4155-9229-06A4750F46BF} = {92C41589-F229-4403-B7EC-C9201C65D9AD}
		{D50DBC94-4251-4B07-86BE-1D8107C905D6} = {92C41589-F229-4403-B7EC-C9201C65D9AD}
	EndGlobalSection
EndGlobal
